// !$*UTF8*$!
{
	archiveVersion = 1;
	classes = {
	};
	objectVersion = 56;
	objects = {

/* Begin PBXBuildFile section */
		EA0041322971492E006FFA17 /* AllMoviesCategoryViewController.swift in Sources */ = {isa = PBXBuildFile; fileRef = EA0041312971492E006FFA17 /* AllMoviesCategoryViewController.swift */; };
		EA0E761129583DAE00ABD585 /* APICaller.swift in Sources */ = {isa = PBXBuildFile; fileRef = EA0E761029583DAE00ABD585 /* APICaller.swift */; };
		EA0E7613295846B000ABD585 /* TitleCollectionViewCell.swift in Sources */ = {isa = PBXBuildFile; fileRef = EA0E7612295846B000ABD585 /* TitleCollectionViewCell.swift */; };
		EA0E761B2958722D00ABD585 /* Extension.swift in Sources */ = {isa = PBXBuildFile; fileRef = EA0E761A2958722D00ABD585 /* Extension.swift */; };
		EA0E761D2959AD9B00ABD585 /* TitleTableViewCell.swift in Sources */ = {isa = PBXBuildFile; fileRef = EA0E761C2959AD9B00ABD585 /* TitleTableViewCell.swift */; };
		EA0E761F2959B4AD00ABD585 /* TitleViewModel.swift in Sources */ = {isa = PBXBuildFile; fileRef = EA0E761E2959B4AD00ABD585 /* TitleViewModel.swift */; };
		EA0E76222959C51700ABD585 /* TitlePreviewViewModel.swift in Sources */ = {isa = PBXBuildFile; fileRef = EA0E76212959C51700ABD585 /* TitlePreviewViewModel.swift */; };
		EA0E7624295AD5EC00ABD585 /* YouTubeSearchResponse.swift in Sources */ = {isa = PBXBuildFile; fileRef = EA0E7623295AD5EC00ABD585 /* YouTubeSearchResponse.swift */; };
		EA0E7627295AE59100ABD585 /* TitlePreviewViewController.swift in Sources */ = {isa = PBXBuildFile; fileRef = EA0E7626295AE59100ABD585 /* TitlePreviewViewController.swift */; };
		EA60E24F295D76030041DFDB /* SDWebImage in Frameworks */ = {isa = PBXBuildFile; productRef = EA60E24E295D76030041DFDB /* SDWebImage */; };
		EA60E251295D76080041DFDB /* SDWebImageMapKit in Frameworks */ = {isa = PBXBuildFile; productRef = EA60E250295D76080041DFDB /* SDWebImageMapKit */; };
		EA8AD28A2965723E00DAC3B8 /* SearchResultsViewController.swift in Sources */ = {isa = PBXBuildFile; fileRef = EA8AD2892965723E00DAC3B8 /* SearchResultsViewController.swift */; };
		EA8AD28F296805DF00DAC3B8 /* MovieForYouModel.xcdatamodeld in Sources */ = {isa = PBXBuildFile; fileRef = EA8AD28D296805DF00DAC3B8 /* MovieForYouModel.xcdatamodeld */; };
		EA8AD29129680BD200DAC3B8 /* DataPersistenceManager.swift in Sources */ = {isa = PBXBuildFile; fileRef = EA8AD29029680BD200DAC3B8 /* DataPersistenceManager.swift */; };
		EAEFF1DC2952F5E100E262E8 /* AppDelegate.swift in Sources */ = {isa = PBXBuildFile; fileRef = EAEFF1DB2952F5E100E262E8 /* AppDelegate.swift */; };
		EAEFF1DE2952F5E100E262E8 /* SceneDelegate.swift in Sources */ = {isa = PBXBuildFile; fileRef = EAEFF1DD2952F5E100E262E8 /* SceneDelegate.swift */; };
		EAEFF1E02952F5E100E262E8 /* MainTabBarViewController.swift in Sources */ = {isa = PBXBuildFile; fileRef = EAEFF1DF2952F5E100E262E8 /* MainTabBarViewController.swift */; };
		EAEFF1E52952F5E700E262E8 /* Assets.xcassets in Resources */ = {isa = PBXBuildFile; fileRef = EAEFF1E42952F5E700E262E8 /* Assets.xcassets */; };
		EAEFF1E82952F5E700E262E8 /* LaunchScreen.storyboard in Resources */ = {isa = PBXBuildFile; fileRef = EAEFF1E62952F5E700E262E8 /* LaunchScreen.storyboard */; };
		EAEFF1F329546F4800E262E8 /* HomeViewController.swift in Sources */ = {isa = PBXBuildFile; fileRef = EAEFF1F229546F4800E262E8 /* HomeViewController.swift */; };
		EAEFF1F529546FDF00E262E8 /* MyFavouritesViewController.swift in Sources */ = {isa = PBXBuildFile; fileRef = EAEFF1F429546FDF00E262E8 /* MyFavouritesViewController.swift */; };
		EAEFF1F72954703800E262E8 /* SearchViewController.swift in Sources */ = {isa = PBXBuildFile; fileRef = EAEFF1F62954703800E262E8 /* SearchViewController.swift */; };
		EAEFF1F92954706600E262E8 /* ProfileViewController.swift in Sources */ = {isa = PBXBuildFile; fileRef = EAEFF1F82954706600E262E8 /* ProfileViewController.swift */; };
		EAEFF1FC2954853E00E262E8 /* CollectionViewTableViewCell.swift in Sources */ = {isa = PBXBuildFile; fileRef = EAEFF1FB2954853E00E262E8 /* CollectionViewTableViewCell.swift */; };
		EAEFF1FE2954893600E262E8 /* HomeHeaderUIView.swift in Sources */ = {isa = PBXBuildFile; fileRef = EAEFF1FD2954893600E262E8 /* HomeHeaderUIView.swift */; };
		EAEFF2012955AAE000E262E8 /* TrendingTitleResponse.swift in Sources */ = {isa = PBXBuildFile; fileRef = EAEFF2002955AAE000E262E8 /* TrendingTitleResponse.swift */; };
/* End PBXBuildFile section */

/* Begin PBXFileReference section */
		EA0041312971492E006FFA17 /* AllMoviesCategoryViewController.swift */ = {isa = PBXFileReference; lastKnownFileType = sourcecode.swift; path = AllMoviesCategoryViewController.swift; sourceTree = "<group>"; };
		EA0E761029583DAE00ABD585 /* APICaller.swift */ = {isa = PBXFileReference; lastKnownFileType = sourcecode.swift; path = APICaller.swift; sourceTree = "<group>"; };
		EA0E7612295846B000ABD585 /* TitleCollectionViewCell.swift */ = {isa = PBXFileReference; lastKnownFileType = sourcecode.swift; path = TitleCollectionViewCell.swift; sourceTree = "<group>"; };
		EA0E761A2958722D00ABD585 /* Extension.swift */ = {isa = PBXFileReference; lastKnownFileType = sourcecode.swift; path = Extension.swift; sourceTree = "<group>"; };
		EA0E761C2959AD9B00ABD585 /* TitleTableViewCell.swift */ = {isa = PBXFileReference; lastKnownFileType = sourcecode.swift; path = TitleTableViewCell.swift; sourceTree = "<group>"; };
		EA0E761E2959B4AD00ABD585 /* TitleViewModel.swift */ = {isa = PBXFileReference; lastKnownFileType = sourcecode.swift; path = TitleViewModel.swift; sourceTree = "<group>"; };
		EA0E76212959C51700ABD585 /* TitlePreviewViewModel.swift */ = {isa = PBXFileReference; lastKnownFileType = sourcecode.swift; path = TitlePreviewViewModel.swift; sourceTree = "<group>"; };
		EA0E7623295AD5EC00ABD585 /* YouTubeSearchResponse.swift */ = {isa = PBXFileReference; lastKnownFileType = sourcecode.swift; path = YouTubeSearchResponse.swift; sourceTree = "<group>"; };
		EA0E7626295AE59100ABD585 /* TitlePreviewViewController.swift */ = {isa = PBXFileReference; lastKnownFileType = sourcecode.swift; path = TitlePreviewViewController.swift; sourceTree = "<group>"; };
		EA8AD2892965723E00DAC3B8 /* SearchResultsViewController.swift */ = {isa = PBXFileReference; lastKnownFileType = sourcecode.swift; path = SearchResultsViewController.swift; sourceTree = "<group>"; };
		EA8AD28E296805DF00DAC3B8 /* MovieForYouModel.xcdatamodel */ = {isa = PBXFileReference; lastKnownFileType = wrapper.xcdatamodel; path = MovieForYouModel.xcdatamodel; sourceTree = "<group>"; };
		EA8AD29029680BD200DAC3B8 /* DataPersistenceManager.swift */ = {isa = PBXFileReference; lastKnownFileType = sourcecode.swift; path = DataPersistenceManager.swift; sourceTree = "<group>"; };
		EAEFF1D82952F5E100E262E8 /* MovieForYou.app */ = {isa = PBXFileReference; explicitFileType = wrapper.application; includeInIndex = 0; path = MovieForYou.app; sourceTree = BUILT_PRODUCTS_DIR; };
		EAEFF1DB2952F5E100E262E8 /* AppDelegate.swift */ = {isa = PBXFileReference; lastKnownFileType = sourcecode.swift; path = AppDelegate.swift; sourceTree = "<group>"; };
		EAEFF1DD2952F5E100E262E8 /* SceneDelegate.swift */ = {isa = PBXFileReference; lastKnownFileType = sourcecode.swift; path = SceneDelegate.swift; sourceTree = "<group>"; };
		EAEFF1DF2952F5E100E262E8 /* MainTabBarViewController.swift */ = {isa = PBXFileReference; lastKnownFileType = sourcecode.swift; path = MainTabBarViewController.swift; sourceTree = "<group>"; };
		EAEFF1E42952F5E700E262E8 /* Assets.xcassets */ = {isa = PBXFileReference; lastKnownFileType = folder.assetcatalog; path = Assets.xcassets; sourceTree = "<group>"; };
		EAEFF1E72952F5E700E262E8 /* Base */ = {isa = PBXFileReference; lastKnownFileType = file.storyboard; name = Base; path = Base.lproj/LaunchScreen.storyboard; sourceTree = "<group>"; };
		EAEFF1E92952F5E700E262E8 /* Info.plist */ = {isa = PBXFileReference; lastKnownFileType = text.plist.xml; path = Info.plist; sourceTree = "<group>"; };
		EAEFF1F229546F4800E262E8 /* HomeViewController.swift */ = {isa = PBXFileReference; lastKnownFileType = sourcecode.swift; path = HomeViewController.swift; sourceTree = "<group>"; };
		EAEFF1F429546FDF00E262E8 /* MyFavouritesViewController.swift */ = {isa = PBXFileReference; lastKnownFileType = sourcecode.swift; path = MyFavouritesViewController.swift; sourceTree = "<group>"; };
		EAEFF1F62954703800E262E8 /* SearchViewController.swift */ = {isa = PBXFileReference; lastKnownFileType = sourcecode.swift; path = SearchViewController.swift; sourceTree = "<group>"; };
		EAEFF1F82954706600E262E8 /* ProfileViewController.swift */ = {isa = PBXFileReference; lastKnownFileType = sourcecode.swift; path = ProfileViewController.swift; sourceTree = "<group>"; };
		EAEFF1FB2954853E00E262E8 /* CollectionViewTableViewCell.swift */ = {isa = PBXFileReference; lastKnownFileType = sourcecode.swift; path = CollectionViewTableViewCell.swift; sourceTree = "<group>"; };
		EAEFF1FD2954893600E262E8 /* HomeHeaderUIView.swift */ = {isa = PBXFileReference; lastKnownFileType = sourcecode.swift; path = HomeHeaderUIView.swift; sourceTree = "<group>"; };
		EAEFF2002955AAE000E262E8 /* TrendingTitleResponse.swift */ = {isa = PBXFileReference; lastKnownFileType = sourcecode.swift; path = TrendingTitleResponse.swift; sourceTree = "<group>"; };
/* End PBXFileReference section */

/* Begin PBXFrameworksBuildPhase section */
		EAEFF1D52952F5E100E262E8 /* Frameworks */ = {
			isa = PBXFrameworksBuildPhase;
			buildActionMask = 2147483647;
			files = (
				EA60E251295D76080041DFDB /* SDWebImageMapKit in Frameworks */,
				EA60E24F295D76030041DFDB /* SDWebImage in Frameworks */,
			);
			runOnlyForDeploymentPostprocessing = 0;
		};
/* End PBXFrameworksBuildPhase section */

/* Begin PBXGroup section */
		EA0E760F29583D9800ABD585 /* Manager */ = {
			isa = PBXGroup;
			children = (
				EA0E761029583DAE00ABD585 /* APICaller.swift */,
				EA8AD29029680BD200DAC3B8 /* DataPersistenceManager.swift */,
			);
			path = Manager;
			sourceTree = "<group>";
		};
		EA0E76192958720F00ABD585 /* Resource */ = {
			isa = PBXGroup;
			children = (
				EA0E761A2958722D00ABD585 /* Extension.swift */,
			);
			name = Resource;
			sourceTree = "<group>";
		};
		EA0E76202959C4BA00ABD585 /* ViewModel */ = {
			isa = PBXGroup;
			children = (
				EA0E761E2959B4AD00ABD585 /* TitleViewModel.swift */,
				EA0E76212959C51700ABD585 /* TitlePreviewViewModel.swift */,
			);
			path = ViewModel;
			sourceTree = "<group>";
		};
		EA0E7625295AE4EB00ABD585 /* General */ = {
			isa = PBXGroup;
			children = (
				EA0E7626295AE59100ABD585 /* TitlePreviewViewController.swift */,
				EA8AD2892965723E00DAC3B8 /* SearchResultsViewController.swift */,
				EA0041312971492E006FFA17 /* AllMoviesCategoryViewController.swift */,
			);
			path = General;
			sourceTree = "<group>";
		};
		EAEFF1CF2952F5E100E262E8 = {
			isa = PBXGroup;
			children = (
				EAEFF1DA2952F5E100E262E8 /* MovieForYou */,
				EAEFF1D92952F5E100E262E8 /* Products */,
			);
			sourceTree = "<group>";
		};
		EAEFF1D92952F5E100E262E8 /* Products */ = {
			isa = PBXGroup;
			children = (
				EAEFF1D82952F5E100E262E8 /* MovieForYou.app */,
			);
			name = Products;
			sourceTree = "<group>";
		};
		EAEFF1DA2952F5E100E262E8 /* MovieForYou */ = {
			isa = PBXGroup;
			children = (
				EAEFF1F02952F81D00E262E8 /* App */,
				EA0E76192958720F00ABD585 /* Resource */,
				EA0E760F29583D9800ABD585 /* Manager */,
				EAEFF1FA2954850300E262E8 /* View */,
				EAEFF1EF2952F80600E262E8 /* Controllers */,
				EA0E76202959C4BA00ABD585 /* ViewModel */,
				EAEFF1FF2955A93200E262E8 /* Model */,
				EAEFF1E42952F5E700E262E8 /* Assets.xcassets */,
				EAEFF1E62952F5E700E262E8 /* LaunchScreen.storyboard */,
				EAEFF1E92952F5E700E262E8 /* Info.plist */,
				EA8AD28D296805DF00DAC3B8 /* MovieForYouModel.xcdatamodeld */,
			);
			path = MovieForYou;
			sourceTree = "<group>";
		};
		EAEFF1EF2952F80600E262E8 /* Controllers */ = {
			isa = PBXGroup;
			children = (
				EA0E7625295AE4EB00ABD585 /* General */,
				EAEFF1F12952F83300E262E8 /* Core */,
			);
			path = Controllers;
			sourceTree = "<group>";
		};
		EAEFF1F02952F81D00E262E8 /* App */ = {
			isa = PBXGroup;
			children = (
				EAEFF1DB2952F5E100E262E8 /* AppDelegate.swift */,
				EAEFF1DD2952F5E100E262E8 /* SceneDelegate.swift */,
			);
			path = App;
			sourceTree = "<group>";
		};
		EAEFF1F12952F83300E262E8 /* Core */ = {
			isa = PBXGroup;
			children = (
				EAEFF1F229546F4800E262E8 /* HomeViewController.swift */,
				EAEFF1F429546FDF00E262E8 /* MyFavouritesViewController.swift */,
				EAEFF1F62954703800E262E8 /* SearchViewController.swift */,
				EAEFF1F82954706600E262E8 /* ProfileViewController.swift */,
				EAEFF1DF2952F5E100E262E8 /* MainTabBarViewController.swift */,
			);
			path = Core;
			sourceTree = "<group>";
		};
		EAEFF1FA2954850300E262E8 /* View */ = {
			isa = PBXGroup;
			children = (
				EAEFF1FB2954853E00E262E8 /* CollectionViewTableViewCell.swift */,
				EAEFF1FD2954893600E262E8 /* HomeHeaderUIView.swift */,
				EA0E7612295846B000ABD585 /* TitleCollectionViewCell.swift */,
				EA0E761C2959AD9B00ABD585 /* TitleTableViewCell.swift */,
			);
			path = View;
			sourceTree = "<group>";
		};
		EAEFF1FF2955A93200E262E8 /* Model */ = {
			isa = PBXGroup;
			children = (
				EAEFF2002955AAE000E262E8 /* TrendingTitleResponse.swift */,
				EA0E7623295AD5EC00ABD585 /* YouTubeSearchResponse.swift */,
			);
			path = Model;
			sourceTree = "<group>";
		};
/* End PBXGroup section */

/* Begin PBXNativeTarget section */
		EAEFF1D72952F5E100E262E8 /* MovieForYou */ = {
			isa = PBXNativeTarget;
			buildConfigurationList = EAEFF1EC2952F5E700E262E8 /* Build configuration list for PBXNativeTarget "MovieForYou" */;
			buildPhases = (
				EAEFF1D42952F5E100E262E8 /* Sources */,
				EAEFF1D52952F5E100E262E8 /* Frameworks */,
				EAEFF1D62952F5E100E262E8 /* Resources */,
			);
			buildRules = (
			);
			dependencies = (
			);
			name = MovieForYou;
			packageProductDependencies = (
				EA60E24E295D76030041DFDB /* SDWebImage */,
				EA60E250295D76080041DFDB /* SDWebImageMapKit */,
			);
			productName = MovieForYou;
			productReference = EAEFF1D82952F5E100E262E8 /* MovieForYou.app */;
			productType = "com.apple.product-type.application";
		};
/* End PBXNativeTarget section */

/* Begin PBXProject section */
		EAEFF1D02952F5E100E262E8 /* Project object */ = {
			isa = PBXProject;
			attributes = {
				BuildIndependentTargetsInParallel = 1;
				LastSwiftUpdateCheck = 1400;
				LastUpgradeCheck = 1400;
				TargetAttributes = {
					EAEFF1D72952F5E100E262E8 = {
						CreatedOnToolsVersion = 14.0;
					};
				};
			};
			buildConfigurationList = EAEFF1D32952F5E100E262E8 /* Build configuration list for PBXProject "MovieForYou" */;
			compatibilityVersion = "Xcode 14.0";
			developmentRegion = en;
			hasScannedForEncodings = 0;
			knownRegions = (
				en,
				Base,
			);
			mainGroup = EAEFF1CF2952F5E100E262E8;
			packageReferences = (
				EA0E761429584AB900ABD585 /* XCRemoteSwiftPackageReference "SDWebImage" */,
			);
			productRefGroup = EAEFF1D92952F5E100E262E8 /* Products */;
			projectDirPath = "";
			projectRoot = "";
			targets = (
				EAEFF1D72952F5E100E262E8 /* MovieForYou */,
			);
		};
/* End PBXProject section */

/* Begin PBXResourcesBuildPhase section */
		EAEFF1D62952F5E100E262E8 /* Resources */ = {
			isa = PBXResourcesBuildPhase;
			buildActionMask = 2147483647;
			files = (
				EAEFF1E82952F5E700E262E8 /* LaunchScreen.storyboard in Resources */,
				EAEFF1E52952F5E700E262E8 /* Assets.xcassets in Resources */,
			);
			runOnlyForDeploymentPostprocessing = 0;
		};
/* End PBXResourcesBuildPhase section */

/* Begin PBXSourcesBuildPhase section */
		EAEFF1D42952F5E100E262E8 /* Sources */ = {
			isa = PBXSourcesBuildPhase;
			buildActionMask = 2147483647;
			files = (
				EA0E761D2959AD9B00ABD585 /* TitleTableViewCell.swift in Sources */,
				EAEFF1F72954703800E262E8 /* SearchViewController.swift in Sources */,
				EA8AD28F296805DF00DAC3B8 /* MovieForYouModel.xcdatamodeld in Sources */,
				EA8AD29129680BD200DAC3B8 /* DataPersistenceManager.swift in Sources */,
				EAEFF1E02952F5E100E262E8 /* MainTabBarViewController.swift in Sources */,
				EAEFF2012955AAE000E262E8 /* TrendingTitleResponse.swift in Sources */,
				EAEFF1FC2954853E00E262E8 /* CollectionViewTableViewCell.swift in Sources */,
				EA0E761F2959B4AD00ABD585 /* TitleViewModel.swift in Sources */,
				EA0E76222959C51700ABD585 /* TitlePreviewViewModel.swift in Sources */,
				EAEFF1DC2952F5E100E262E8 /* AppDelegate.swift in Sources */,
				EAEFF1DE2952F5E100E262E8 /* SceneDelegate.swift in Sources */,
				EAEFF1F92954706600E262E8 /* ProfileViewController.swift in Sources */,
				EAEFF1F529546FDF00E262E8 /* MyFavouritesViewController.swift in Sources */,
				EA0E7624295AD5EC00ABD585 /* YouTubeSearchResponse.swift in Sources */,
				EA8AD28A2965723E00DAC3B8 /* SearchResultsViewController.swift in Sources */,
				EA0E761129583DAE00ABD585 /* APICaller.swift in Sources */,
				EA0E761B2958722D00ABD585 /* Extension.swift in Sources */,
				EA0041322971492E006FFA17 /* AllMoviesCategoryViewController.swift in Sources */,
				EA0E7627295AE59100ABD585 /* TitlePreviewViewController.swift in Sources */,
				EA0E7613295846B000ABD585 /* TitleCollectionViewCell.swift in Sources */,
				EAEFF1F329546F4800E262E8 /* HomeViewController.swift in Sources */,
				EAEFF1FE2954893600E262E8 /* HomeHeaderUIView.swift in Sources */,
			);
			runOnlyForDeploymentPostprocessing = 0;
		};
/* End PBXSourcesBuildPhase section */

/* Begin PBXVariantGroup section */
		EAEFF1E62952F5E700E262E8 /* LaunchScreen.storyboard */ = {
			isa = PBXVariantGroup;
			children = (
				EAEFF1E72952F5E700E262E8 /* Base */,
			);
			name = LaunchScreen.storyboard;
			sourceTree = "<group>";
		};
/* End PBXVariantGroup section */

/* Begin XCBuildConfiguration section */
		EAEFF1EA2952F5E700E262E8 /* Debug */ = {
			isa = XCBuildConfiguration;
			buildSettings = {
				ALWAYS_SEARCH_USER_PATHS = NO;
				CLANG_ANALYZER_NONNULL = YES;
				CLANG_ANALYZER_NUMBER_OBJECT_CONVERSION = YES_AGGRESSIVE;
				CLANG_CXX_LANGUAGE_STANDARD = "gnu++20";
				CLANG_ENABLE_MODULES = YES;
				CLANG_ENABLE_OBJC_ARC = YES;
				CLANG_ENABLE_OBJC_WEAK = YES;
				CLANG_WARN_BLOCK_CAPTURE_AUTORELEASING = YES;
				CLANG_WARN_BOOL_CONVERSION = YES;
				CLANG_WARN_COMMA = YES;
				CLANG_WARN_CONSTANT_CONVERSION = YES;
				CLANG_WARN_DEPRECATED_OBJC_IMPLEMENTATIONS = YES;
				CLANG_WARN_DIRECT_OBJC_ISA_USAGE = YES_ERROR;
				CLANG_WARN_DOCUMENTATION_COMMENTS = YES;
				CLANG_WARN_EMPTY_BODY = YES;
				CLANG_WARN_ENUM_CONVERSION = YES;
				CLANG_WARN_INFINITE_RECURSION = YES;
				CLANG_WARN_INT_CONVERSION = YES;
				CLANG_WARN_NON_LITERAL_NULL_CONVERSION = YES;
				CLANG_WARN_OBJC_IMPLICIT_RETAIN_SELF = YES;
				CLANG_WARN_OBJC_LITERAL_CONVERSION = YES;
				CLANG_WARN_OBJC_ROOT_CLASS = YES_ERROR;
				CLANG_WARN_QUOTED_INCLUDE_IN_FRAMEWORK_HEADER = YES;
				CLANG_WARN_RANGE_LOOP_ANALYSIS = YES;
				CLANG_WARN_STRICT_PROTOTYPES = YES;
				CLANG_WARN_SUSPICIOUS_MOVE = YES;
				CLANG_WARN_UNGUARDED_AVAILABILITY = YES_AGGRESSIVE;
				CLANG_WARN_UNREACHABLE_CODE = YES;
				CLANG_WARN__DUPLICATE_METHOD_MATCH = YES;
				COPY_PHASE_STRIP = NO;
				DEBUG_INFORMATION_FORMAT = dwarf;
				ENABLE_STRICT_OBJC_MSGSEND = YES;
				ENABLE_TESTABILITY = YES;
				GCC_C_LANGUAGE_STANDARD = gnu11;
				GCC_DYNAMIC_NO_PIC = NO;
				GCC_NO_COMMON_BLOCKS = YES;
				GCC_OPTIMIZATION_LEVEL = 0;
				GCC_PREPROCESSOR_DEFINITIONS = (
					"DEBUG=1",
					"$(inherited)",
				);
				GCC_WARN_64_TO_32_BIT_CONVERSION = YES;
				GCC_WARN_ABOUT_RETURN_TYPE = YES_ERROR;
				GCC_WARN_UNDECLARED_SELECTOR = YES;
				GCC_WARN_UNINITIALIZED_AUTOS = YES_AGGRESSIVE;
				GCC_WARN_UNUSED_FUNCTION = YES;
				GCC_WARN_UNUSED_VARIABLE = YES;
				IPHONEOS_DEPLOYMENT_TARGET = 16.0;
				MTL_ENABLE_DEBUG_INFO = INCLUDE_SOURCE;
				MTL_FAST_MATH = YES;
				ONLY_ACTIVE_ARCH = YES;
				SDKROOT = iphoneos;
				SWIFT_ACTIVE_COMPILATION_CONDITIONS = DEBUG;
				SWIFT_OPTIMIZATION_LEVEL = "-Onone";
			};
			name = Debug;
		};
		EAEFF1EB2952F5E700E262E8 /* Release */ = {
			isa = XCBuildConfiguration;
			buildSettings = {
				ALWAYS_SEARCH_USER_PATHS = NO;
				CLANG_ANALYZER_NONNULL = YES;
				CLANG_ANALYZER_NUMBER_OBJECT_CONVERSION = YES_AGGRESSIVE;
				CLANG_CXX_LANGUAGE_STANDARD = "gnu++20";
				CLANG_ENABLE_MODULES = YES;
				CLANG_ENABLE_OBJC_ARC = YES;
				CLANG_ENABLE_OBJC_WEAK = YES;
				CLANG_WARN_BLOCK_CAPTURE_AUTORELEASING = YES;
				CLANG_WARN_BOOL_CONVERSION = YES;
				CLANG_WARN_COMMA = YES;
				CLANG_WARN_CONSTANT_CONVERSION = YES;
				CLANG_WARN_DEPRECATED_OBJC_IMPLEMENTATIONS = YES;
				CLANG_WARN_DIRECT_OBJC_ISA_USAGE = YES_ERROR;
				CLANG_WARN_DOCUMENTATION_COMMENTS = YES;
				CLANG_WARN_EMPTY_BODY = YES;
				CLANG_WARN_ENUM_CONVERSION = YES;
				CLANG_WARN_INFINITE_RECURSION = YES;
				CLANG_WARN_INT_CONVERSION = YES;
				CLANG_WARN_NON_LITERAL_NULL_CONVERSION = YES;
				CLANG_WARN_OBJC_IMPLICIT_RETAIN_SELF = YES;
				CLANG_WARN_OBJC_LITERAL_CONVERSION = YES;
				CLANG_WARN_OBJC_ROOT_CLASS = YES_ERROR;
				CLANG_WARN_QUOTED_INCLUDE_IN_FRAMEWORK_HEADER = YES;
				CLANG_WARN_RANGE_LOOP_ANALYSIS = YES;
				CLANG_WARN_STRICT_PROTOTYPES = YES;
				CLANG_WARN_SUSPICIOUS_MOVE = YES;
				CLANG_WARN_UNGUARDED_AVAILABILITY = YES_AGGRESSIVE;
				CLANG_WARN_UNREACHABLE_CODE = YES;
				CLANG_WARN__DUPLICATE_METHOD_MATCH = YES;
				COPY_PHASE_STRIP = NO;
				DEBUG_INFORMATION_FORMAT = "dwarf-with-dsym";
				ENABLE_NS_ASSERTIONS = NO;
				ENABLE_STRICT_OBJC_MSGSEND = YES;
				GCC_C_LANGUAGE_STANDARD = gnu11;
				GCC_NO_COMMON_BLOCKS = YES;
				GCC_WARN_64_TO_32_BIT_CONVERSION = YES;
				GCC_WARN_ABOUT_RETURN_TYPE = YES_ERROR;
				GCC_WARN_UNDECLARED_SELECTOR = YES;
				GCC_WARN_UNINITIALIZED_AUTOS = YES_AGGRESSIVE;
				GCC_WARN_UNUSED_FUNCTION = YES;
				GCC_WARN_UNUSED_VARIABLE = YES;
				IPHONEOS_DEPLOYMENT_TARGET = 16.0;
				MTL_ENABLE_DEBUG_INFO = NO;
				MTL_FAST_MATH = YES;
				SDKROOT = iphoneos;
				SWIFT_COMPILATION_MODE = wholemodule;
				SWIFT_OPTIMIZATION_LEVEL = "-O";
				VALIDATE_PRODUCT = YES;
			};
			name = Release;
		};
		EAEFF1ED2952F5E700E262E8 /* Debug */ = {
			isa = XCBuildConfiguration;
			buildSettings = {
				ASSETCATALOG_COMPILER_APPICON_NAME = AppIcon;
				ASSETCATALOG_COMPILER_GLOBAL_ACCENT_COLOR_NAME = AccentColor;
				CODE_SIGN_STYLE = Automatic;
				CURRENT_PROJECT_VERSION = 1;
				DEVELOPMENT_TEAM = RSBH48TS8D;
				GENERATE_INFOPLIST_FILE = YES;
				INFOPLIST_FILE = MovieForYou/Info.plist;
				INFOPLIST_KEY_UIApplicationSupportsIndirectInputEvents = YES;
				INFOPLIST_KEY_UILaunchStoryboardName = LaunchScreen;
				INFOPLIST_KEY_UISupportedInterfaceOrientations = UIInterfaceOrientationPortrait;
				INFOPLIST_KEY_UISupportedInterfaceOrientations_iPad = "UIInterfaceOrientationLandscapeLeft UIInterfaceOrientationLandscapeRight UIInterfaceOrientationPortrait UIInterfaceOrientationPortraitUpsideDown";
				IPHONEOS_DEPLOYMENT_TARGET = 13.0;
				LD_RUNPATH_SEARCH_PATHS = (
					"$(inherited)",
					"@executable_path/Frameworks",
				);
				MARKETING_VERSION = 1.0;
				PRODUCT_BUNDLE_IDENTIFIER = gvelko90.MovieForYou;
				PRODUCT_NAME = "$(TARGET_NAME)";
				SUPPORTED_PLATFORMS = "iphoneos iphonesimulator";
				SUPPORTS_MACCATALYST = NO;
				SUPPORTS_MAC_DESIGNED_FOR_IPHONE_IPAD = NO;
				SWIFT_EMIT_LOC_STRINGS = YES;
				SWIFT_VERSION = 5.0;
				TARGETED_DEVICE_FAMILY = 1;
			};
			name = Debug;
		};
		EAEFF1EE2952F5E700E262E8 /* Release */ = {
			isa = XCBuildConfiguration;
			buildSettings = {
				ASSETCATALOG_COMPILER_APPICON_NAME = AppIcon;
				ASSETCATALOG_COMPILER_GLOBAL_ACCENT_COLOR_NAME = AccentColor;
				CODE_SIGN_STYLE = Automatic;
				CURRENT_PROJECT_VERSION = 1;
				DEVELOPMENT_TEAM = RSBH48TS8D;
				GENERATE_INFOPLIST_FILE = YES;
				INFOPLIST_FILE = MovieForYou/Info.plist;
				INFOPLIST_KEY_UIApplicationSupportsIndirectInputEvents = YES;
				INFOPLIST_KEY_UILaunchStoryboardName = LaunchScreen;
				INFOPLIST_KEY_UISupportedInterfaceOrientations = UIInterfaceOrientationPortrait;
				INFOPLIST_KEY_UISupportedInterfaceOrientations_iPad = "UIInterfaceOrientationLandscapeLeft UIInterfaceOrientationLandscapeRight UIInterfaceOrientationPortrait UIInterfaceOrientationPortraitUpsideDown";
				IPHONEOS_DEPLOYMENT_TARGET = 13.0;
				LD_RUNPATH_SEARCH_PATHS = (
					"$(inherited)",
					"@executable_path/Frameworks",
				);
				MARKETING_VERSION = 1.0;
				PRODUCT_BUNDLE_IDENTIFIER = gvelko90.MovieForYou;
				PRODUCT_NAME = "$(TARGET_NAME)";
				SUPPORTED_PLATFORMS = "iphoneos iphonesimulator";
				SUPPORTS_MACCATALYST = NO;
				SUPPORTS_MAC_DESIGNED_FOR_IPHONE_IPAD = NO;
				SWIFT_EMIT_LOC_STRINGS = YES;
				SWIFT_VERSION = 5.0;
				TARGETED_DEVICE_FAMILY = 1;
			};
			name = Release;
		};
/* End XCBuildConfiguration section */

/* Begin XCConfigurationList section */
		EAEFF1D32952F5E100E262E8 /* Build configuration list for PBXProject "MovieForYou" */ = {
			isa = XCConfigurationList;
			buildConfigurations = (
				EAEFF1EA2952F5E700E262E8 /* Debug */,
				EAEFF1EB2952F5E700E262E8 /* Release */,
			);
			defaultConfigurationIsVisible = 0;
			defaultConfigurationName = Release;
		};
		EAEFF1EC2952F5E700E262E8 /* Build configuration list for PBXNativeTarget "MovieForYou" */ = {
			isa = XCConfigurationList;
			buildConfigurations = (
				EAEFF1ED2952F5E700E262E8 /* Debug */,
				EAEFF1EE2952F5E700E262E8 /* Release */,
			);
			defaultConfigurationIsVisible = 0;
			defaultConfigurationName = Release;
		};
/* End XCConfigurationList section */

/* Begin XCRemoteSwiftPackageReference section */
		EA0E761429584AB900ABD585 /* XCRemoteSwiftPackageReference "SDWebImage" */ = {
			isa = XCRemoteSwiftPackageReference;
			repositoryURL = "https://github.com/SDWebImage/SDWebImage.git";
			requirement = {
				kind = upToNextMajorVersion;
				minimumVersion = 5.0.0;
			};
		};
/* End XCRemoteSwiftPackageReference section */

/* Begin XCSwiftPackageProductDependency section */
		EA60E24E295D76030041DFDB /* SDWebImage */ = {
			isa = XCSwiftPackageProductDependency;
			package = EA0E761429584AB900ABD585 /* XCRemoteSwiftPackageReference "SDWebImage" */;
			productName = SDWebImage;
		};
		EA60E250295D76080041DFDB /* SDWebImageMapKit */ = {
			isa = XCSwiftPackageProductDependency;
			package = EA0E761429584AB900ABD585 /* XCRemoteSwiftPackageReference "SDWebImage" */;
			productName = SDWebImageMapKit;
		};
/* End XCSwiftPackageProductDependency section */

/* Begin XCVersionGroup section */
		EA8AD28D296805DF00DAC3B8 /* MovieForYouModel.xcdatamodeld */ = {
			isa = XCVersionGroup;
			children = (
				EA8AD28E296805DF00DAC3B8 /* MovieForYouModel.xcdatamodel */,
			);
			currentVersion = EA8AD28E296805DF00DAC3B8 /* MovieForYouModel.xcdatamodel */;
			path = MovieForYouModel.xcdatamodeld;
			sourceTree = "<group>";
			versionGroupType = wrapper.xcdatamodel;
		};
/* End XCVersionGroup section */
	};
	rootObject = EAEFF1D02952F5E100E262E8 /* Project object */;
}
